
Microsoft Visual Studio Solution File, Format Version 12.00
# Visual Studio Version 17
VisualStudioVersion = 17.4.33205.214
MinimumVisualStudioVersion = 10.0.40219.1
Project("{9A19103F-16F7-4668-BE54-9A1E7A4F7556}") = "Presentation", "Presentation\Presentation.csproj", "{E6E6623C-CF24-422B-9146-DBCDEEE250F4}"
EndProject
Project("{FAE04EC0-301F-11D3-BF4B-00C04F79EFBC}") = "DataAccess", "DataAccess\DataAccess.csproj", "{53BE01B5-A7CD-415D-80B0-B103FC6CC908}"
EndProject
Project("{FAE04EC0-301F-11D3-BF4B-00C04F79EFBC}") = "DTO", "DTO\DTO.csproj", "{1C712E76-EDB7-428D-A80D-CD1038227ED4}"
EndProject
Project("{FAE04EC0-301F-11D3-BF4B-00C04F79EFBC}") = "Helper", "Helper\Helper.csproj", "{1DE45B98-F03D-4419-B283-A291DE503698}"
EndProject
Project("{FAE04EC0-301F-11D3-BF4B-00C04F79EFBC}") = "Service", "Service\Service.csproj", "{23D68DA4-CD97-4C6A-B65C-0EC2B54EFF11}"
EndProject
Global
	GlobalSection(SolutionConfigurationPlatforms) = preSolution
		Debug|Any CPU = Debug|Any CPU
		Release|Any CPU = Release|Any CPU
	EndGlobalSection
	GlobalSection(ProjectConfigurationPlatforms) = postSolution
		{E6E6623C-CF24-422B-9146-DBCDEEE250F4}.Debug|Any CPU.ActiveCfg = Debug|Any CPU
		{E6E6623C-CF24-422B-9146-DBCDEEE250F4}.Debug|Any CPU.Build.0 = Debug|Any CPU
		{E6E6623C-CF24-422B-9146-DBCDEEE250F4}.Release|Any CPU.ActiveCfg = Release|Any CPU
		{E6E6623C-CF24-422B-9146-DBCDEEE250F4}.Release|Any CPU.Build.0 = Release|Any CPU
		{53BE01B5-A7CD-415D-80B0-B103FC6CC908}.Debug|Any CPU.ActiveCfg = Debug|Any CPU
		{53BE01B5-A7CD-415D-80B0-B103FC6CC908}.Debug|Any CPU.Build.0 = Debug|Any CPU
		{53BE01B5-A7CD-415D-80B0-B103FC6CC908}.Release|Any CPU.ActiveCfg = Release|Any CPU
		{53BE01B5-A7CD-415D-80B0-B103FC6CC908}.Release|Any CPU.Build.0 = Release|Any CPU
		{1C712E76-EDB7-428D-A80D-CD1038227ED4}.Debug|Any CPU.ActiveCfg = Debug|Any CPU
		{1C712E76-EDB7-428D-A80D-CD1038227ED4}.Debug|Any CPU.Build.0 = Debug|Any CPU
		{1C712E76-EDB7-428D-A80D-CD1038227ED4}.Release|Any CPU.ActiveCfg = Release|Any CPU
		{1C712E76-EDB7-428D-A80D-CD1038227ED4}.Release|Any CPU.Build.0 = Release|Any CPU
		{1DE45B98-F03D-4419-B283-A291DE503698}.Debug|Any CPU.ActiveCfg = Debug|Any CPU
		{1DE45B98-F03D-4419-B283-A291DE503698}.Debug|Any CPU.Build.0 = Debug|Any CPU
		{1DE45B98-F03D-4419-B283-A291DE503698}.Release|Any CPU.ActiveCfg = Release|Any CPU
		{1DE45B98-F03D-4419-B283-A291DE503698}.Release|Any CPU.Build.0 = Release|Any CPU
		{23D68DA4-CD97-4C6A-B65C-0EC2B54EFF11}.Debug|Any CPU.ActiveCfg = Debug|Any CPU
		{23D68DA4-CD97-4C6A-B65C-0EC2B54EFF11}.Debug|Any CPU.Build.0 = Debug|Any CPU
		{23D68DA4-CD97-4C6A-B65C-0EC2B54EFF11}.Release|Any CPU.ActiveCfg = Release|Any CPU
		{23D68DA4-CD97-4C6A-B65C-0EC2B54EFF11}.Release|Any CPU.Build.0 = Release|Any CPU
	EndGlobalSection
	GlobalSection(SolutionProperties) = preSolution
		HideSolutionNode = FALSE
	EndGlobalSection
	GlobalSection(ExtensibilityGlobals) = postSolution
		SolutionGuid = {6FB4AA65-09CC-401D-862E-A33C708092F2}
	EndGlobalSection
EndGlobal
